
Microsoft Visual Studio Solution File, Format Version 12.00
# Visual Studio Version 17
VisualStudioVersion = 17.4.33110.190
MinimumVisualStudioVersion = 10.0.40219.1
Project("{FAE04EC0-301F-11D3-BF4B-00C04F79EFBC}") = "stp_1", "stp_1.csproj", "{BBB54AC8-A3AB-4631-9F83-4C19F4AA5B3B}"
EndProject
Global
	GlobalSection(SolutionConfigurationPlatforms) = preSolution
		Debug|Any CPU = Debug|Any CPU
		Release|Any CPU = Release|Any CPU
	EndGlobalSection
	GlobalSection(ProjectConfigurationPlatforms) = postSolution
		{BBB54AC8-A3AB-4631-9F83-4C19F4AA5B3B}.Debug|Any CPU.ActiveCfg = Debug|Any CPU
		{BBB54AC8-A3AB-4631-9F83-4C19F4AA5B3B}.Debug|Any CPU.Build.0 = Debug|Any CPU
		{BBB54AC8-A3AB-4631-9F83-4C19F4AA5B3B}.Release|Any CPU.ActiveCfg = Release|Any CPU
		{BBB54AC8-A3AB-4631-9F83-4C19F4AA5B3B}.Release|Any CPU.Build.0 = Release|Any CPU
	EndGlobalSection
	GlobalSection(SolutionProperties) = preSolution
		HideSolutionNode = FALSE
	EndGlobalSection
	GlobalSection(ExtensibilityGlobals) = postSolution
		SolutionGuid = {FFCFF565-6AA2-44D9-BA53-F2E104FCE5C1}
	EndGlobalSection
EndGlobal
